
Microsoft Visual Studio Solution File, Format Version 12.00
# Visual Studio Version 17
VisualStudioVersion = 17.10.35013.160
MinimumVisualStudioVersion = 10.0.40219.1
Project("{FAE04EC0-301F-11D3-BF4B-00C04F79EFBC}") = "WeatherForecast", "WeatherForecast\WeatherForecast.csproj", "{9BE9C88F-CD28-44A4-A9C5-F372C93A5820}"
EndProject
Global
	GlobalSection(SolutionConfigurationPlatforms) = preSolution
		Debug|Any CPU = Debug|Any CPU
		Release|Any CPU = Release|Any CPU
	EndGlobalSection
	GlobalSection(ProjectConfigurationPlatforms) = postSolution
		{9BE9C88F-CD28-44A4-A9C5-F372C93A5820}.Debug|Any CPU.ActiveCfg = Debug|Any CPU
		{9BE9C88F-CD28-44A4-A9C5-F372C93A5820}.Debug|Any CPU.Build.0 = Debug|Any CPU
		{9BE9C88F-CD28-44A4-A9C5-F372C93A5820}.Release|Any CPU.ActiveCfg = Release|Any CPU
		{9BE9C88F-CD28-44A4-A9C5-F372C93A5820}.Release|Any CPU.Build.0 = Release|Any CPU
	EndGlobalSection
	GlobalSection(SolutionProperties) = preSolution
		HideSolutionNode = FALSE
	EndGlobalSection
	GlobalSection(ExtensibilityGlobals) = postSolution
		SolutionGuid = {F06374FE-432D-4593-B867-9EEBF0789633}
	EndGlobalSection
EndGlobal
